// !$*UTF8*$!
{
	archiveVersion = 1;
	classes = {
	};
	objectVersion = 50;
	objects = {

/* Begin PBXBuildFile section */
		82124D782329AA57004F0958 /* FrameImgPicker.swift in Sources */ = {isa = PBXBuildFile; fileRef = 82124D772329AA57004F0958 /* FrameImgPicker.swift */; };
		824676B62318181700707819 /* AppDelegate.swift in Sources */ = {isa = PBXBuildFile; fileRef = 824676B52318181700707819 /* AppDelegate.swift */; };
		824676B82318181700707819 /* ViewController.swift in Sources */ = {isa = PBXBuildFile; fileRef = 824676B72318181700707819 /* ViewController.swift */; };
		824676BB2318181700707819 /* Main.storyboard in Resources */ = {isa = PBXBuildFile; fileRef = 824676B92318181700707819 /* Main.storyboard */; };
		824676BD2318181800707819 /* Assets.xcassets in Resources */ = {isa = PBXBuildFile; fileRef = 824676BC2318181800707819 /* Assets.xcassets */; };
		824676C02318181800707819 /* LaunchScreen.storyboard in Resources */ = {isa = PBXBuildFile; fileRef = 824676BE2318181800707819 /* LaunchScreen.storyboard */; };
		824676C92318185500707819 /* ThirstySoft.otf in Resources */ = {isa = PBXBuildFile; fileRef = 824676C72318185500707819 /* ThirstySoft.otf */; };
		824676CA2318185500707819 /* Delm.otf in Resources */ = {isa = PBXBuildFile; fileRef = 824676C82318185500707819 /* Delm.otf */; };
		824676D02318198500707819 /* Default-568h@2x.png in Resources */ = {isa = PBXBuildFile; fileRef = 824676CF2318198500707819 /* Default-568h@2x.png */; };
		824676DC231D64F900707819 /* ButtonsView.swift in Sources */ = {isa = PBXBuildFile; fileRef = 824676DB231D64F900707819 /* ButtonsView.swift */; };
		824676DE231D66DF00707819 /* FrameChange.swift in Sources */ = {isa = PBXBuildFile; fileRef = 824676DD231D66DF00707819 /* FrameChange.swift */; };
/* End PBXBuildFile section */

/* Begin PBXFileReference section */
		82124D772329AA57004F0958 /* FrameImgPicker.swift */ = {isa = PBXFileReference; lastKnownFileType = sourcecode.swift; path = FrameImgPicker.swift; sourceTree = "<group>"; };
		824676B22318181700707819 /* Instagrid.app */ = {isa = PBXFileReference; explicitFileType = wrapper.application; includeInIndex = 0; path = Instagrid.app; sourceTree = BUILT_PRODUCTS_DIR; };
		824676B52318181700707819 /* AppDelegate.swift */ = {isa = PBXFileReference; lastKnownFileType = sourcecode.swift; path = AppDelegate.swift; sourceTree = "<group>"; };
		824676B72318181700707819 /* ViewController.swift */ = {isa = PBXFileReference; lastKnownFileType = sourcecode.swift; path = ViewController.swift; sourceTree = "<group>"; };
		824676BA2318181700707819 /* Base */ = {isa = PBXFileReference; lastKnownFileType = file.storyboard; name = Base; path = Base.lproj/Main.storyboard; sourceTree = "<group>"; };
		824676BC2318181800707819 /* Assets.xcassets */ = {isa = PBXFileReference; lastKnownFileType = folder.assetcatalog; path = Assets.xcassets; sourceTree = "<group>"; };
		824676BF2318181800707819 /* Base */ = {isa = PBXFileReference; lastKnownFileType = file.storyboard; name = Base; path = Base.lproj/LaunchScreen.storyboard; sourceTree = "<group>"; };
		824676C12318181800707819 /* Info.plist */ = {isa = PBXFileReference; lastKnownFileType = text.plist.xml; path = Info.plist; sourceTree = "<group>"; };
		824676C72318185500707819 /* ThirstySoft.otf */ = {isa = PBXFileReference; lastKnownFileType = file; path = ThirstySoft.otf; sourceTree = "<group>"; };
		824676C82318185500707819 /* Delm.otf */ = {isa = PBXFileReference; lastKnownFileType = file; path = Delm.otf; sourceTree = "<group>"; };
		824676CF2318198500707819 /* Default-568h@2x.png */ = {isa = PBXFileReference; lastKnownFileType = image.png; path = "Default-568h@2x.png"; sourceTree = "<group>"; };
		824676DB231D64F900707819 /* ButtonsView.swift */ = {isa = PBXFileReference; fileEncoding = 4; lastKnownFileType = sourcecode.swift; path = ButtonsView.swift; sourceTree = "<group>"; };
		824676DD231D66DF00707819 /* FrameChange.swift */ = {isa = PBXFileReference; fileEncoding = 4; lastKnownFileType = sourcecode.swift; path = FrameChange.swift; sourceTree = "<group>"; };
/* End PBXFileReference section */

/* Begin PBXFrameworksBuildPhase section */
		824676AF2318181700707819 /* Frameworks */ = {
			isa = PBXFrameworksBuildPhase;
			buildActionMask = 2147483647;
			files = (
			);
			runOnlyForDeploymentPostprocessing = 0;
		};
/* End PBXFrameworksBuildPhase section */

/* Begin PBXGroup section */
		824676A92318181700707819 = {
			isa = PBXGroup;
			children = (
				824676B42318181700707819 /* Instagrid */,
				824676B32318181700707819 /* Products */,
			);
			sourceTree = "<group>";
		};
		824676B32318181700707819 /* Products */ = {
			isa = PBXGroup;
			children = (
				824676B22318181700707819 /* Instagrid.app */,
			);
			name = Products;
			sourceTree = "<group>";
		};
		824676B42318181700707819 /* Instagrid */ = {
			isa = PBXGroup;
			children = (
				824676B52318181700707819 /* AppDelegate.swift */,
				824676CB231818EC00707819 /* Model */,
				824676CC2318190600707819 /* Controller */,
				824676CD2318191000707819 /* View */,
				824676CE2318191A00707819 /* Supporting Files */,
			);
			path = Instagrid;
			sourceTree = "<group>";
		};
		824676CB231818EC00707819 /* Model */ = {
			isa = PBXGroup;
			children = (
			);
			path = Model;
			sourceTree = "<group>";
		};
		824676CC2318190600707819 /* Controller */ = {
			isa = PBXGroup;
			children = (
				824676B72318181700707819 /* ViewController.swift */,
			);
			path = Controller;
			sourceTree = "<group>";
		};
		824676CD2318191000707819 /* View */ = {
			isa = PBXGroup;
			children = (
				824676DD231D66DF00707819 /* FrameChange.swift */,
				82124D772329AA57004F0958 /* FrameImgPicker.swift */,
				824676DB231D64F900707819 /* ButtonsView.swift */,
				824676B92318181700707819 /* Main.storyboard */,
			);
			path = View;
			sourceTree = "<group>";
		};
		824676CE2318191A00707819 /* Supporting Files */ = {
			isa = PBXGroup;
			children = (
				824676CF2318198500707819 /* Default-568h@2x.png */,
				824676BC2318181800707819 /* Assets.xcassets */,
				824676BE2318181800707819 /* LaunchScreen.storyboard */,
				824676C12318181800707819 /* Info.plist */,
				824676C82318185500707819 /* Delm.otf */,
				824676C72318185500707819 /* ThirstySoft.otf */,
			);
			path = "Supporting Files";
			sourceTree = "<group>";
		};
/* End PBXGroup section */

/* Begin PBXNativeTarget section */
		824676B12318181700707819 /* Instagrid */ = {
			isa = PBXNativeTarget;
			buildConfigurationList = 824676C42318181800707819 /* Build configuration list for PBXNativeTarget "Instagrid" */;
			buildPhases = (
				824676AE2318181700707819 /* Sources */,
				824676AF2318181700707819 /* Frameworks */,
				824676B02318181700707819 /* Resources */,
			);
			buildRules = (
			);
			dependencies = (
			);
			name = Instagrid;
			productName = Instagrid;
			productReference = 824676B22318181700707819 /* Instagrid.app */;
			productType = "com.apple.product-type.application";
		};
/* End PBXNativeTarget section */

/* Begin PBXProject section */
		824676AA2318181700707819 /* Project object */ = {
			isa = PBXProject;
			attributes = {
				LastSwiftUpdateCheck = 1030;
				LastUpgradeCheck = 1030;
				ORGANIZATIONNAME = Cedric;
				TargetAttributes = {
					824676B12318181700707819 = {
						CreatedOnToolsVersion = 10.3;
					};
				};
			};
			buildConfigurationList = 824676AD2318181700707819 /* Build configuration list for PBXProject "Instagrid" */;
			compatibilityVersion = "Xcode 9.3";
			developmentRegion = en;
			hasScannedForEncodings = 0;
			knownRegions = (
				en,
				Base,
			);
			mainGroup = 824676A92318181700707819;
			productRefGroup = 824676B32318181700707819 /* Products */;
			projectDirPath = "";
			projectRoot = "";
			targets = (
				824676B12318181700707819 /* Instagrid */,
			);
		};
/* End PBXProject section */

/* Begin PBXResourcesBuildPhase section */
		824676B02318181700707819 /* Resources */ = {
			isa = PBXResourcesBuildPhase;
			buildActionMask = 2147483647;
			files = (
				824676C02318181800707819 /* LaunchScreen.storyboard in Resources */,
				824676CA2318185500707819 /* Delm.otf in Resources */,
				824676C92318185500707819 /* ThirstySoft.otf in Resources */,
				824676BD2318181800707819 /* Assets.xcassets in Resources */,
				824676BB2318181700707819 /* Main.storyboard in Resources */,
				824676D02318198500707819 /* Default-568h@2x.png in Resources */,
			);
			runOnlyForDeploymentPostprocessing = 0;
		};
/* End PBXResourcesBuildPhase section */

/* Begin PBXSourcesBuildPhase section */
		824676AE2318181700707819 /* Sources */ = {
			isa = PBXSourcesBuildPhase;
			buildActionMask = 2147483647;
			files = (
				824676DC231D64F900707819 /* ButtonsView.swift in Sources */,
				82124D782329AA57004F0958 /* FrameImgPicker.swift in Sources */,
				824676DE231D66DF00707819 /* FrameChange.swift in Sources */,
				824676B82318181700707819 /* ViewController.swift in Sources */,
				824676B62318181700707819 /* AppDelegate.swift in Sources */,
			);
			runOnlyForDeploymentPostprocessing = 0;
		};
/* End PBXSourcesBuildPhase section */

/* Begin PBXVariantGroup section */
		824676B92318181700707819 /* Main.storyboard */ = {
			isa = PBXVariantGroup;
			children = (
				824676BA2318181700707819 /* Base */,
			);
			name = Main.storyboard;
			sourceTree = "<group>";
		};
		824676BE2318181800707819 /* LaunchScreen.storyboard */ = {
			isa = PBXVariantGroup;
			children = (
				824676BF2318181800707819 /* Base */,
			);
			name = LaunchScreen.storyboard;
			sourceTree = "<group>";
		};
/* End PBXVariantGroup section */

/* Begin XCBuildConfiguration section */
		824676C22318181800707819 /* Debug */ = {
			isa = XCBuildConfiguration;
			buildSettings = {
				ALWAYS_SEARCH_USER_PATHS = NO;
				CLANG_ANALYZER_NONNULL = YES;
				CLANG_ANALYZER_NUMBER_OBJECT_CONVERSION = YES_AGGRESSIVE;
				CLANG_CXX_LANGUAGE_STANDARD = "gnu++14";
				CLANG_CXX_LIBRARY = "libc++";
				CLANG_ENABLE_MODULES = YES;
				CLANG_ENABLE_OBJC_ARC = YES;
				CLANG_ENABLE_OBJC_WEAK = YES;
				CLANG_WARN_BLOCK_CAPTURE_AUTORELEASING = YES;
				CLANG_WARN_BOOL_CONVERSION = YES;
				CLANG_WARN_COMMA = YES;
				CLANG_WARN_CONSTANT_CONVERSION = YES;
				CLANG_WARN_DEPRECATED_OBJC_IMPLEMENTATIONS = YES;
				CLANG_WARN_DIRECT_OBJC_ISA_USAGE = YES_ERROR;
				CLANG_WARN_DOCUMENTATION_COMMENTS = YES;
				CLANG_WARN_EMPTY_BODY = YES;
				CLANG_WARN_ENUM_CONVERSION = YES;
				CLANG_WARN_INFINITE_RECURSION = YES;
				CLANG_WARN_INT_CONVERSION = YES;
				CLANG_WARN_NON_LITERAL_NULL_CONVERSION = YES;
				CLANG_WARN_OBJC_IMPLICIT_RETAIN_SELF = YES;
				CLANG_WARN_OBJC_LITERAL_CONVERSION = YES;
				CLANG_WARN_OBJC_ROOT_CLASS = YES_ERROR;
				CLANG_WARN_RANGE_LOOP_ANALYSIS = YES;
				CLANG_WARN_STRICT_PROTOTYPES = YES;
				CLANG_WARN_SUSPICIOUS_MOVE = YES;
				CLANG_WARN_UNGUARDED_AVAILABILITY = YES_AGGRESSIVE;
				CLANG_WARN_UNREACHABLE_CODE = YES;
				CLANG_WARN__DUPLICATE_METHOD_MATCH = YES;
				CODE_SIGN_IDENTITY = "iPhone Developer";
				COPY_PHASE_STRIP = NO;
				DEBUG_INFORMATION_FORMAT = dwarf;
				ENABLE_STRICT_OBJC_MSGSEND = YES;
				ENABLE_TESTABILITY = YES;
				GCC_C_LANGUAGE_STANDARD = gnu11;
				GCC_DYNAMIC_NO_PIC = NO;
				GCC_NO_COMMON_BLOCKS = YES;
				GCC_OPTIMIZATION_LEVEL = 0;
				GCC_PREPROCESSOR_DEFINITIONS = (
					"DEBUG=1",
					"$(inherited)",
				);
				GCC_WARN_64_TO_32_BIT_CONVERSION = YES;
				GCC_WARN_ABOUT_RETURN_TYPE = YES_ERROR;
				GCC_WARN_UNDECLARED_SELECTOR = YES;
				GCC_WARN_UNINITIALIZED_AUTOS = YES_AGGRESSIVE;
				GCC_WARN_UNUSED_FUNCTION = YES;
				GCC_WARN_UNUSED_VARIABLE = YES;
				IPHONEOS_DEPLOYMENT_TARGET = 12.4;
				MTL_ENABLE_DEBUG_INFO = INCLUDE_SOURCE;
				MTL_FAST_MATH = YES;
				ONLY_ACTIVE_ARCH = YES;
				SDKROOT = iphoneos;
				SWIFT_ACTIVE_COMPILATION_CONDITIONS = DEBUG;
				SWIFT_OPTIMIZATION_LEVEL = "-Onone";
			};
			name = Debug;
		};
		824676C32318181800707819 /* Release */ = {
			isa = XCBuildConfiguration;
			buildSettings = {
				ALWAYS_SEARCH_USER_PATHS = NO;
				CLANG_ANALYZER_NONNULL = YES;
				CLANG_ANALYZER_NUMBER_OBJECT_CONVERSION = YES_AGGRESSIVE;
				CLANG_CXX_LANGUAGE_STANDARD = "gnu++14";
				CLANG_CXX_LIBRARY = "libc++";
				CLANG_ENABLE_MODULES = YES;
				CLANG_ENABLE_OBJC_ARC = YES;
				CLANG_ENABLE_OBJC_WEAK = YES;
				CLANG_WARN_BLOCK_CAPTURE_AUTORELEASING = YES;
				CLANG_WARN_BOOL_CONVERSION = YES;
				CLANG_WARN_COMMA = YES;
				CLANG_WARN_CONSTANT_CONVERSION = YES;
				CLANG_WARN_DEPRECATED_OBJC_IMPLEMENTATIONS = YES;
				CLANG_WARN_DIRECT_OBJC_ISA_USAGE = YES_ERROR;
				CLANG_WARN_DOCUMENTATION_COMMENTS = YES;
				CLANG_WARN_EMPTY_BODY = YES;
				CLANG_WARN_ENUM_CONVERSION = YES;
				CLANG_WARN_INFINITE_RECURSION = YES;
				CLANG_WARN_INT_CONVERSION = YES;
				CLANG_WARN_NON_LITERAL_NULL_CONVERSION = YES;
				CLANG_WARN_OBJC_IMPLICIT_RETAIN_SELF = YES;
				CLANG_WARN_OBJC_LITERAL_CONVERSION = YES;
				CLANG_WARN_OBJC_ROOT_CLASS = YES_ERROR;
				CLANG_WARN_RANGE_LOOP_ANALYSIS = YES;
				CLANG_WARN_STRICT_PROTOTYPES = YES;
				CLANG_WARN_SUSPICIOUS_MOVE = YES;
				CLANG_WARN_UNGUARDED_AVAILABILITY = YES_AGGRESSIVE;
				CLANG_WARN_UNREACHABLE_CODE = YES;
				CLANG_WARN__DUPLICATE_METHOD_MATCH = YES;
				CODE_SIGN_IDENTITY = "iPhone Developer";
				COPY_PHASE_STRIP = NO;
				DEBUG_INFORMATION_FORMAT = "dwarf-with-dsym";
				ENABLE_NS_ASSERTIONS = NO;
				ENABLE_STRICT_OBJC_MSGSEND = YES;
				GCC_C_LANGUAGE_STANDARD = gnu11;
				GCC_NO_COMMON_BLOCKS = YES;
				GCC_WARN_64_TO_32_BIT_CONVERSION = YES;
				GCC_WARN_ABOUT_RETURN_TYPE = YES_ERROR;
				GCC_WARN_UNDECLARED_SELECTOR = YES;
				GCC_WARN_UNINITIALIZED_AUTOS = YES_AGGRESSIVE;
				GCC_WARN_UNUSED_FUNCTION = YES;
				GCC_WARN_UNUSED_VARIABLE = YES;
				IPHONEOS_DEPLOYMENT_TARGET = 12.4;
				MTL_ENABLE_DEBUG_INFO = NO;
				MTL_FAST_MATH = YES;
				SDKROOT = iphoneos;
				SWIFT_COMPILATION_MODE = wholemodule;
				SWIFT_OPTIMIZATION_LEVEL = "-O";
				VALIDATE_PRODUCT = YES;
			};
			name = Release;
		};
		824676C52318181800707819 /* Debug */ = {
			isa = XCBuildConfiguration;
			buildSettings = {
				ASSETCATALOG_COMPILER_APPICON_NAME = AppIcon;
				CODE_SIGN_STYLE = Automatic;
				DEVELOPMENT_TEAM = Y76M773K4Z;
				INFOPLIST_FILE = "$(SRCROOT)/Instagrid/Supporting Files/Info.plist";
				IPHONEOS_DEPLOYMENT_TARGET = 11.0;
				LD_RUNPATH_SEARCH_PATHS = (
					"$(inherited)",
					"@executable_path/Frameworks",
				);
				PRODUCT_BUNDLE_IDENTIFIER = com.Madaragog.Instagrid;
				PRODUCT_NAME = "$(TARGET_NAME)";
				SWIFT_VERSION = 5.0;
				TARGETED_DEVICE_FAMILY = 1;
			};
			name = Debug;
		};
		824676C62318181800707819 /* Release */ = {
			isa = XCBuildConfiguration;
			buildSettings = {
				ASSETCATALOG_COMPILER_APPICON_NAME = AppIcon;
				CODE_SIGN_STYLE = Automatic;
				DEVELOPMENT_TEAM = Y76M773K4Z;
				INFOPLIST_FILE = "$(SRCROOT)/Instagrid/Supporting Files/Info.plist";
				IPHONEOS_DEPLOYMENT_TARGET = 11.0;
				LD_RUNPATH_SEARCH_PATHS = (
					"$(inherited)",
					"@executable_path/Frameworks",
				);
				PRODUCT_BUNDLE_IDENTIFIER = com.Madaragog.Instagrid;
				PRODUCT_NAME = "$(TARGET_NAME)";
				SWIFT_VERSION = 5.0;
				TARGETED_DEVICE_FAMILY = 1;
			};
			name = Release;
		};
/* End XCBuildConfiguration section */

/* Begin XCConfigurationList section */
		824676AD2318181700707819 /* Build configuration list for PBXProject "Instagrid" */ = {
			isa = XCConfigurationList;
			buildConfigurations = (
				824676C22318181800707819 /* Debug */,
				824676C32318181800707819 /* Release */,
			);
			defaultConfigurationIsVisible = 0;
			defaultConfigurationName = Release;
		};
		824676C42318181800707819 /* Build configuration list for PBXNativeTarget "Instagrid" */ = {
			isa = XCConfigurationList;
			buildConfigurations = (
				824676C52318181800707819 /* Debug */,
				824676C62318181800707819 /* Release */,
			);
			defaultConfigurationIsVisible = 0;
			defaultConfigurationName = Release;
		};
/* End XCConfigurationList section */
	};
	rootObject = 824676AA2318181700707819 /* Project object */;
}
